Microsoft Visual Studio Solution File, Format Version 12.00
# Visual Studio Version 17
VisualStudioVersion = 17.13.35806.99
MinimumVisualStudioVersion = 10.0.40219.1
Project("{FAE04EC0-301F-11D3-BF4B-00C04F79EFBC}") = "Boat.AppHost", "Boat.AppHost\Boat.AppHost.csproj", "{DD9B225F-15A2-40FD-954A-C73CFBCAB365}"
EndProject
Project("{FAE04EC0-301F-11D3-BF4B-00C04F79EFBC}") = "Boat.ServiceDefaults", "Boat.ServiceDefaults\Boat.ServiceDefaults.csproj", "{68059AF9-03F2-01F3-ACE5-7A8C95A72BDE}"
EndProject
Project("{FAE04EC0-301F-11D3-BF4B-00C04F79EFBC}") = "BoatApp.ApiService", "Boat.ApiService\BoatApp.ApiService.csproj", "{033FB314-0013-D639-0D56-D381B2672A58}"
EndProject
Project("{FAE04EC0-301F-11D3-BF4B-00C04F79EFBC}") = "Boat.Tests", "Boat.Tests\Boat.Tests.csproj", "{1E701E9C-C092-FEC8-0E83-CD2DBE174CC8}"
EndProject
Project("{2150E333-8FDC-42A3-9474-1A3956D46DE8}") = "Services", "Services", "{02EA681E-C7D8-13C7-8484-4AC65E1B71E8}"
EndProject
Project("{2150E333-8FDC-42A3-9474-1A3956D46DE8}") = "Tests", "Tests", "{1162103D-9076-438C-A5BD-1A5279DABB07}"
EndProject
Project("{2150E333-8FDC-42A3-9474-1A3956D46DE8}") = "Clients", "Clients", "{070EE1DF-7594-4DF2-B5AF-FF933EAC7CDB}"
EndProject
Project("{2150E333-8FDC-42A3-9474-1A3956D46DE8}") = "Shared", "Shared", "{BFC94DF6-F147-43B7-91FC-496575EDF7E5}"
EndProject
Project("{FAE04EC0-301F-11D3-BF4B-00C04F79EFBC}") = "BoatApp.Application", "Boat.Application\BoatApp.Application.csproj", "{9EBA3988-77E3-4F74-A7A4-887DE15B333F}"
EndProject
Project("{FAE04EC0-301F-11D3-BF4B-00C04F79EFBC}") = "BoatApp.Domain", "Boat.Domain\BoatApp.Domain.csproj", "{2F83FDCA-EF3C-41A6-A841-2C27A29B1C9B}"
EndProject
Project("{FAE04EC0-301F-11D3-BF4B-00C04F79EFBC}") = "BoatApp.Infrastructure", "Boat.Infrastructure\BoatApp.Infrastructure.csproj", "{9D37C300-98BB-421F-A212-B00347166D1F}"
EndProject
Project("{2150E333-8FDC-42A3-9474-1A3956D46DE8}") = "Boats", "Boats", "{70A07105-162B-4E94-9641-C9A27B571BC3}"
EndProject
Project("{FAE04EC0-301F-11D3-BF4B-00C04F79EFBC}") = "Boat.Shared.Domain", "Boat.Shared.Domain\Boat.Shared.Domain.csproj", "{4B5F7D35-BC43-490B-AE8C-A1E47F43FC5D}"
EndProject
Project("{FAE04EC0-301F-11D3-BF4B-00C04F79EFBC}") = "Boat.Shared.Application", "Boat.Shared.Application\Boat.Shared.Application.csproj", "{630039EF-95C1-4A99-80B0-D524E8FEBD65}"
EndProject
Project("{2150E333-8FDC-42A3-9474-1A3956D46DE8}") = "Auth", "Auth", "{DDADCA5D-2E6B-4525-8EF5-9DFFFC17C4E4}"
EndProject
Project("{FAE04EC0-301F-11D3-BF4B-00C04F79EFBC}") = "Boat.Shared.Kernel", "Boat.Shared.Kernel\Boat.Shared.Kernel.csproj", "{7C6A0967-D16F-4D48-943D-CD51123495B8}"
EndProject
Project("{FAE04EC0-301F-11D3-BF4B-00C04F79EFBC}") = "Boat.Gateway", "Boat.Gateway\Boat.Gateway.csproj", "{E64D6A6A-2F64-4A81-ACA2-DDC5BB642737}"
EndProject
Project("{E24C65DC-7377-472B-9ABA-BC803B73C61A}") = "Client", "Boat.ClientApp\Client\", "{5DDDA797-62D7-3212-0E7A-6D2F46AD7208}"
	ProjectSection(WebsiteProperties) = preProject
		TargetFrameworkMoniker = ".NETFramework,Version%3Dv4.8"
		Debug.AspNetCompiler.VirtualPath = "/localhost_51937"
		Debug.AspNetCompiler.PhysicalPath = "Boat.ClientApp\Client\"
		Debug.AspNetCompiler.TargetPath = "PrecompiledWeb\localhost_51937\"
		Debug.AspNetCompiler.Updateable = "true"
		Debug.AspNetCompiler.ForceOverwrite = "true"
		Debug.AspNetCompiler.FixedNames = "false"
		Debug.AspNetCompiler.Debug = "True"
		Release.AspNetCompiler.VirtualPath = "/localhost_51937"
		Release.AspNetCompiler.PhysicalPath = "Boat.ClientApp\Client\"
		Release.AspNetCompiler.TargetPath = "PrecompiledWeb\localhost_51937\"
		Release.AspNetCompiler.Updateable = "true"
		Release.AspNetCompiler.ForceOverwrite = "true"
		Release.AspNetCompiler.FixedNames = "false"
		Release.AspNetCompiler.Debug = "False"
		VWDPort = "51937"
	EndProjectSection
EndProject
Global
	GlobalSection(SolutionConfigurationPlatforms) = preSolution
		Debug|Any CPU = Debug|Any CPU
		Release|Any CPU = Release|Any CPU
	EndGlobalSection
	GlobalSection(ProjectConfigurationPlatforms) = postSolution
		{DD9B225F-15A2-40FD-954A-C73CFBCAB365}.Debug|Any CPU.ActiveCfg = Debug|Any CPU
		{DD9B225F-15A2-40FD-954A-C73CFBCAB365}.Debug|Any CPU.Build.0 = Debug|Any CPU
		{DD9B225F-15A2-40FD-954A-C73CFBCAB365}.Release|Any CPU.ActiveCfg = Release|Any CPU
		{DD9B225F-15A2-40FD-954A-C73CFBCAB365}.Release|Any CPU.Build.0 = Release|Any CPU
		{68059AF9-03F2-01F3-ACE5-7A8C95A72BDE}.Debug|Any CPU.ActiveCfg = Debug|Any CPU
		{68059AF9-03F2-01F3-ACE5-7A8C95A72BDE}.Debug|Any CPU.Build.0 = Debug|Any CPU
		{68059AF9-03F2-01F3-ACE5-7A8C95A72BDE}.Release|Any CPU.ActiveCfg = Release|Any CPU
		{68059AF9-03F2-01F3-ACE5-7A8C95A72BDE}.Release|Any CPU.Build.0 = Release|Any CPU
		{033FB314-0013-D639-0D56-D381B2672A58}.Debug|Any CPU.ActiveCfg = Debug|Any CPU
		{033FB314-0013-D639-0D56-D381B2672A58}.Debug|Any CPU.Build.0 = Debug|Any CPU
		{033FB314-0013-D639-0D56-D381B2672A58}.Release|Any CPU.ActiveCfg = Release|Any CPU
		{033FB314-0013-D639-0D56-D381B2672A58}.Release|Any CPU.Build.0 = Release|Any CPU
		{1E701E9C-C092-FEC8-0E83-CD2DBE174CC8}.Debug|Any CPU.ActiveCfg = Debug|Any CPU
		{1E701E9C-C092-FEC8-0E83-CD2DBE174CC8}.Debug|Any CPU.Build.0 = Debug|Any CPU
		{1E701E9C-C092-FEC8-0E83-CD2DBE174CC8}.Release|Any CPU.ActiveCfg = Release|Any CPU
		{1E701E9C-C092-FEC8-0E83-CD2DBE174CC8}.Release|Any CPU.Build.0 = Release|Any CPU
		{9EBA3988-77E3-4F74-A7A4-887DE15B333F}.Debug|Any CPU.ActiveCfg = Debug|Any CPU
		{9EBA3988-77E3-4F74-A7A4-887DE15B333F}.Debug|Any CPU.Build.0 = Debug|Any CPU
		{9EBA3988-77E3-4F74-A7A4-887DE15B333F}.Release|Any CPU.ActiveCfg = Release|Any CPU
		{9EBA3988-77E3-4F74-A7A4-887DE15B333F}.Release|Any CPU.Build.0 = Release|Any CPU
		{2F83FDCA-EF3C-41A6-A841-2C27A29B1C9B}.Debug|Any CPU.ActiveCfg = Debug|Any CPU
		{2F83FDCA-EF3C-41A6-A841-2C27A29B1C9B}.Debug|Any CPU.Build.0 = Debug|Any CPU
		{2F83FDCA-EF3C-41A6-A841-2C27A29B1C9B}.Release|Any CPU.ActiveCfg = Release|Any CPU
		{2F83FDCA-EF3C-41A6-A841-2C27A29B1C9B}.Release|Any CPU.Build.0 = Release|Any CPU
		{9D37C300-98BB-421F-A212-B00347166D1F}.Debug|Any CPU.ActiveCfg = Debug|Any CPU
		{9D37C300-98BB-421F-A212-B00347166D1F}.Debug|Any CPU.Build.0 = Debug|Any CPU
		{9D37C300-98BB-421F-A212-B00347166D1F}.Release|Any CPU.ActiveCfg = Release|Any CPU
		{9D37C300-98BB-421F-A212-B00347166D1F}.Release|Any CPU.Build.0 = Release|Any CPU
		{4B5F7D35-BC43-490B-AE8C-A1E47F43FC5D}.Debug|Any CPU.ActiveCfg = Debug|Any CPU
		{4B5F7D35-BC43-490B-AE8C-A1E47F43FC5D}.Debug|Any CPU.Build.0 = Debug|Any CPU
		{4B5F7D35-BC43-490B-AE8C-A1E47F43FC5D}.Release|Any CPU.ActiveCfg = Release|Any CPU
		{4B5F7D35-BC43-490B-AE8C-A1E47F43FC5D}.Release|Any CPU.Build.0 = Release|Any CPU
		{630039EF-95C1-4A99-80B0-D524E8FEBD65}.Debug|Any CPU.ActiveCfg = Debug|Any CPU
		{630039EF-95C1-4A99-80B0-D524E8FEBD65}.Debug|Any CPU.Build.0 = Debug|Any CPU
		{630039EF-95C1-4A99-80B0-D524E8FEBD65}.Release|Any CPU.ActiveCfg = Release|Any CPU
		{630039EF-95C1-4A99-80B0-D524E8FEBD65}.Release|Any CPU.Build.0 = Release|Any CPU
		{7C6A0967-D16F-4D48-943D-CD51123495B8}.Debug|Any CPU.ActiveCfg = Debug|Any CPU
		{7C6A0967-D16F-4D48-943D-CD51123495B8}.Debug|Any CPU.Build.0 = Debug|Any CPU
		{7C6A0967-D16F-4D48-943D-CD51123495B8}.Release|Any CPU.ActiveCfg = Release|Any CPU
		{7C6A0967-D16F-4D48-943D-CD51123495B8}.Release|Any CPU.Build.0 = Release|Any CPU
		{E64D6A6A-2F64-4A81-ACA2-DDC5BB642737}.Debug|Any CPU.ActiveCfg = Debug|Any CPU
		{E64D6A6A-2F64-4A81-ACA2-DDC5BB642737}.Debug|Any CPU.Build.0 = Debug|Any CPU
		{E64D6A6A-2F64-4A81-ACA2-DDC5BB642737}.Release|Any CPU.ActiveCfg = Release|Any CPU
		{E64D6A6A-2F64-4A81-ACA2-DDC5BB642737}.Release|Any CPU.Build.0 = Release|Any CPU
		{5DDDA797-62D7-3212-0E7A-6D2F46AD7208}.Debug|Any CPU.ActiveCfg = Debug|Any CPU
		{5DDDA797-62D7-3212-0E7A-6D2F46AD7208}.Debug|Any CPU.Build.0 = Debug|Any CPU
		{5DDDA797-62D7-3212-0E7A-6D2F46AD7208}.Release|Any CPU.ActiveCfg = Debug|Any CPU
		{5DDDA797-62D7-3212-0E7A-6D2F46AD7208}.Release|Any CPU.Build.0 = Debug|Any CPU
	EndGlobalSection
	GlobalSection(SolutionProperties) = preSolution
		HideSolutionNode = FALSE
	EndGlobalSection
	GlobalSection(NestedProjects) = preSolution
		{033FB314-0013-D639-0D56-D381B2672A58} = {70A07105-162B-4E94-9641-C9A27B571BC3}
		{1E701E9C-C092-FEC8-0E83-CD2DBE174CC8} = {1162103D-9076-438C-A5BD-1A5279DABB07}
		{9EBA3988-77E3-4F74-A7A4-887DE15B333F} = {70A07105-162B-4E94-9641-C9A27B571BC3}
		{2F83FDCA-EF3C-41A6-A841-2C27A29B1C9B} = {70A07105-162B-4E94-9641-C9A27B571BC3}
		{9D37C300-98BB-421F-A212-B00347166D1F} = {70A07105-162B-4E94-9641-C9A27B571BC3}
		{70A07105-162B-4E94-9641-C9A27B571BC3} = {02EA681E-C7D8-13C7-8484-4AC65E1B71E8}
		{4B5F7D35-BC43-490B-AE8C-A1E47F43FC5D} = {BFC94DF6-F147-43B7-91FC-496575EDF7E5}
		{630039EF-95C1-4A99-80B0-D524E8FEBD65} = {BFC94DF6-F147-43B7-91FC-496575EDF7E5}
		{DDADCA5D-2E6B-4525-8EF5-9DFFFC17C4E4} = {02EA681E-C7D8-13C7-8484-4AC65E1B71E8}
		{7C6A0967-D16F-4D48-943D-CD51123495B8} = {BFC94DF6-F147-43B7-91FC-496575EDF7E5}
		{E64D6A6A-2F64-4A81-ACA2-DDC5BB642737} = {02EA681E-C7D8-13C7-8484-4AC65E1B71E8}
		{5DDDA797-62D7-3212-0E7A-6D2F46AD7208} = {070EE1DF-7594-4DF2-B5AF-FF933EAC7CDB}
	EndGlobalSection
	GlobalSection(ExtensibilityGlobals) = postSolution
		SolutionGuid = {588EA5F1-59EA-4170-8595-6ACFA4FDFC83}
	EndGlobalSection
EndGlobal
